
Microsoft Visual Studio Solution File, Format Version 12.00
# Visual Studio Version 16
VisualStudioVersion = 16.0.30011.22
MinimumVisualStudioVersion = 10.0.40219.1
Project("{FAE04EC0-301F-11D3-BF4B-00C04F79EFBC}") = "ClientProxy-P4-102_Form", "ClientProxy-P4-102_Form\ClientProxy-P4-102_Form.csproj", "{F1CF0E79-65BC-43EF-B76E-74697E3A7D7E}"
EndProject
Global
	GlobalSection(SolutionConfigurationPlatforms) = preSolution
		Debug|Any CPU = Debug|Any CPU
		Release|Any CPU = Release|Any CPU
	EndGlobalSection
	GlobalSection(ProjectConfigurationPlatforms) = postSolution
		{F1CF0E79-65BC-43EF-B76E-74697E3A7D7E}.Debug|Any CPU.ActiveCfg = Debug|Any CPU
		{F1CF0E79-65BC-43EF-B76E-74697E3A7D7E}.Debug|Any CPU.Build.0 = Debug|Any CPU
		{F1CF0E79-65BC-43EF-B76E-74697E3A7D7E}.Release|Any CPU.ActiveCfg = Release|Any CPU
		{F1CF0E79-65BC-43EF-B76E-74697E3A7D7E}.Release|Any CPU.Build.0 = Release|Any CPU
	EndGlobalSection
	GlobalSection(SolutionProperties) = preSolution
		HideSolutionNode = FALSE
	EndGlobalSection
	GlobalSection(ExtensibilityGlobals) = postSolution
		SolutionGuid = {69F44E7A-5B92-4486-B7BA-498F8FEF407E}
	EndGlobalSection
EndGlobal
